
Microsoft Visual Studio Solution File, Format Version 12.00
# Visual Studio Version 16
VisualStudioVersion = 16.0.30204.135
MinimumVisualStudioVersion = 10.0.40219.1
Project("{FAE04EC0-301F-11D3-BF4B-00C04F79EFBC}") = "Averages", "Averages\Averages.csproj", "{4D63055C-CDCD-459B-B8AC-BBA879543D1D}"
EndProject
Global
	GlobalSection(SolutionConfigurationPlatforms) = preSolution
		Debug|Any CPU = Debug|Any CPU
		Release|Any CPU = Release|Any CPU
	EndGlobalSection
	GlobalSection(ProjectConfigurationPlatforms) = postSolution
		{4D63055C-CDCD-459B-B8AC-BBA879543D1D}.Debug|Any CPU.ActiveCfg = Debug|Any CPU
		{4D63055C-CDCD-459B-B8AC-BBA879543D1D}.Debug|Any CPU.Build.0 = Debug|Any CPU
		{4D63055C-CDCD-459B-B8AC-BBA879543D1D}.Release|Any CPU.ActiveCfg = Release|Any CPU
		{4D63055C-CDCD-459B-B8AC-BBA879543D1D}.Release|Any CPU.Build.0 = Release|Any CPU
	EndGlobalSection
	GlobalSection(SolutionProperties) = preSolution
		HideSolutionNode = FALSE
	EndGlobalSection
	GlobalSection(ExtensibilityGlobals) = postSolution
		SolutionGuid = {9CE16DB6-8844-45F4-A06E-0560737DB103}
	EndGlobalSection
EndGlobal
